
Microsoft Visual Studio Solution File, Format Version 12.00
# Visual Studio Version 17
VisualStudioVersion = 17.2.32602.215
MinimumVisualStudioVersion = 10.0.40219.1
Project("{FAE04EC0-301F-11D3-BF4B-00C04F79EFBC}") = "OtoGaleriUygulaması", "OtoGaleriUygulaması\OtoGaleriUygulaması.csproj", "{F6B4D780-2C99-4869-9FE9-BC58628C9892}"
EndProject
Global
	GlobalSection(SolutionConfigurationPlatforms) = preSolution
		Debug|Any CPU = Debug|Any CPU
		Release|Any CPU = Release|Any CPU
	EndGlobalSection
	GlobalSection(ProjectConfigurationPlatforms) = postSolution
		{F6B4D780-2C99-4869-9FE9-BC58628C9892}.Debug|Any CPU.ActiveCfg = Debug|Any CPU
		{F6B4D780-2C99-4869-9FE9-BC58628C9892}.Debug|Any CPU.Build.0 = Debug|Any CPU
		{F6B4D780-2C99-4869-9FE9-BC58628C9892}.Release|Any CPU.ActiveCfg = Release|Any CPU
		{F6B4D780-2C99-4869-9FE9-BC58628C9892}.Release|Any CPU.Build.0 = Release|Any CPU
	EndGlobalSection
	GlobalSection(SolutionProperties) = preSolution
		HideSolutionNode = FALSE
	EndGlobalSection
	GlobalSection(ExtensibilityGlobals) = postSolution
		SolutionGuid = {D9E380D9-64D4-4DC1-BF11-A8C68F02627C}
	EndGlobalSection
EndGlobal
